
Microsoft Visual Studio Solution File, Format Version 12.00
# Visual Studio Version 17
VisualStudioVersion = 17.11.35303.130
MinimumVisualStudioVersion = 10.0.40219.1
Project("{2150E333-8FDC-42A3-9474-1A3956D46DE8}") = "Task0", "Task0", "{5797803A-D1DE-4E54-80D7-D659B7F3FD93}"
EndProject
Project("{FAE04EC0-301F-11D3-BF4B-00C04F79EFBC}") = "Tyuiu.ZaicevYaA.Sprint2.Task0.V16", "Tyuiu.ZaicevYaA.Sprint2.Task0.V16\Tyuiu.ZaicevYaA.Sprint2.Task0.V16.csproj", "{6F15156B-8550-4441-B008-B508801633B3}"
EndProject
Project("{FAE04EC0-301F-11D3-BF4B-00C04F79EFBC}") = "Tyuiu.ZaicevYaA.Sprint2.Task0.V16.Lib", "Tyuiu.ZaicevYaA.Sprint2.Task0.V16.Lib\Tyuiu.ZaicevYaA.Sprint2.Task0.V16.Lib.csproj", "{39682D63-BF95-4D6B-BD28-4EC4C332819A}"
EndProject
Project("{FAE04EC0-301F-11D3-BF4B-00C04F79EFBC}") = "Tyuiu.ZaicevYaA.Sprint2.Task0.V16.Test", "Tyuiu.ZaicevYaA.Sprint2.Task0.V16.Test\Tyuiu.ZaicevYaA.Sprint2.Task0.V16.Test.csproj", "{BC501BAE-181D-4873-84C4-2F030F2A8CAD}"
EndProject
Global
	GlobalSection(SolutionConfigurationPlatforms) = preSolution
		Debug|Any CPU = Debug|Any CPU
		Release|Any CPU = Release|Any CPU
	EndGlobalSection
	GlobalSection(ProjectConfigurationPlatforms) = postSolution
		{6F15156B-8550-4441-B008-B508801633B3}.Debug|Any CPU.ActiveCfg = Debug|Any CPU
		{6F15156B-8550-4441-B008-B508801633B3}.Debug|Any CPU.Build.0 = Debug|Any CPU
		{6F15156B-8550-4441-B008-B508801633B3}.Release|Any CPU.ActiveCfg = Release|Any CPU
		{6F15156B-8550-4441-B008-B508801633B3}.Release|Any CPU.Build.0 = Release|Any CPU
		{39682D63-BF95-4D6B-BD28-4EC4C332819A}.Debug|Any CPU.ActiveCfg = Debug|Any CPU
		{39682D63-BF95-4D6B-BD28-4EC4C332819A}.Debug|Any CPU.Build.0 = Debug|Any CPU
		{39682D63-BF95-4D6B-BD28-4EC4C332819A}.Release|Any CPU.ActiveCfg = Release|Any CPU
		{39682D63-BF95-4D6B-BD28-4EC4C332819A}.Release|Any CPU.Build.0 = Release|Any CPU
		{BC501BAE-181D-4873-84C4-2F030F2A8CAD}.Debug|Any CPU.ActiveCfg = Debug|Any CPU
		{BC501BAE-181D-4873-84C4-2F030F2A8CAD}.Debug|Any CPU.Build.0 = Debug|Any CPU
		{BC501BAE-181D-4873-84C4-2F030F2A8CAD}.Release|Any CPU.ActiveCfg = Release|Any CPU
		{BC501BAE-181D-4873-84C4-2F030F2A8CAD}.Release|Any CPU.Build.0 = Release|Any CPU
	EndGlobalSection
	GlobalSection(SolutionProperties) = preSolution
		HideSolutionNode = FALSE
	EndGlobalSection
	GlobalSection(NestedProjects) = preSolution
		{6F15156B-8550-4441-B008-B508801633B3} = {5797803A-D1DE-4E54-80D7-D659B7F3FD93}
		{39682D63-BF95-4D6B-BD28-4EC4C332819A} = {5797803A-D1DE-4E54-80D7-D659B7F3FD93}
		{BC501BAE-181D-4873-84C4-2F030F2A8CAD} = {5797803A-D1DE-4E54-80D7-D659B7F3FD93}
	EndGlobalSection
	GlobalSection(ExtensibilityGlobals) = postSolution
		SolutionGuid = {6C26F818-66DB-4643-89F8-DB22E7F79B24}
	EndGlobalSection
EndGlobal
