
Microsoft Visual Studio Solution File, Format Version 12.00
# Visual Studio Version 17
VisualStudioVersion = 17.11.35303.130
MinimumVisualStudioVersion = 10.0.40219.1
Project("{2150E333-8FDC-42A3-9474-1A3956D46DE8}") = "Task0", "Task0", "{5797803A-D1DE-4E54-80D7-D659B7F3FD93}"
EndProject
Project("{9A19103F-16F7-4668-BE54-9A1E7A4F7556}") = "Tyuiu.ZaicevYaA.Sprint2.Task0.V16", "Tyuiu.ZaicevYaA.Sprint2.Task0.V16\Tyuiu.ZaicevYaA.Sprint2.Task0.V16.csproj", "{6F15156B-8550-4441-B008-B508801633B3}"
EndProject
Project("{9A19103F-16F7-4668-BE54-9A1E7A4F7556}") = "Tyuiu.ZaicevYaA.Sprint2.Task0.V16.Lib", "Tyuiu.ZaicevYaA.Sprint2.Task0.V16.Lib\Tyuiu.ZaicevYaA.Sprint2.Task0.V16.Lib.csproj", "{39682D63-BF95-4D6B-BD28-4EC4C332819A}"
EndProject
Project("{9A19103F-16F7-4668-BE54-9A1E7A4F7556}") = "Tyuiu.ZaicevYaA.Sprint2.Task0.V16.Test", "Tyuiu.ZaicevYaA.Sprint2.Task0.V16.Test\Tyuiu.ZaicevYaA.Sprint2.Task0.V16.Test.csproj", "{BC501BAE-181D-4873-84C4-2F030F2A8CAD}"
EndProject
Project("{2150E333-8FDC-42A3-9474-1A3956D46DE8}") = "Task1", "Task1", "{32964A5F-386A-42C1-BB2A-D6B3AE711C26}"
EndProject
Project("{2150E333-8FDC-42A3-9474-1A3956D46DE8}") = "Task2", "Task2", "{B4145C00-50FE-4EB8-B4BC-43C05B3D1239}"
EndProject
Project("{2150E333-8FDC-42A3-9474-1A3956D46DE8}") = "Task3", "Task3", "{69B95EB0-4DD9-45EC-BFC5-C49CBAE1A4A9}"
EndProject
Project("{2150E333-8FDC-42A3-9474-1A3956D46DE8}") = "Task4", "Task4", "{B455C5B6-FAC4-454B-9DD2-567FC9C43355}"
EndProject
Project("{2150E333-8FDC-42A3-9474-1A3956D46DE8}") = "Task5", "Task5", "{03DC5FC8-9E6D-4EFA-A529-CDCA4895E7F5}"
EndProject
Project("{2150E333-8FDC-42A3-9474-1A3956D46DE8}") = "Task6", "Task6", "{0AB9936E-612D-4ED1-9A46-9DF546F75623}"
EndProject
Project("{2150E333-8FDC-42A3-9474-1A3956D46DE8}") = "Task7", "Task7", "{772D4D58-7BC6-40C9-8D13-8A07FAEB69BC}"
EndProject
Project("{FAE04EC0-301F-11D3-BF4B-00C04F79EFBC}") = "Tyuiu.ZaicevYaA.Sprint2.Task1.V30", "Tyuiu.ZaicevYaA.Sprint2.Task1.V30\Tyuiu.ZaicevYaA.Sprint2.Task1.V30.csproj", "{9D5DEA1C-3611-4A3B-B732-2C1A381EEDB4}"
EndProject
Project("{FAE04EC0-301F-11D3-BF4B-00C04F79EFBC}") = "Tyuiu.ZaicevYaA.Sprint2.Task1.V30.Lib", "Tyuiu.ZaicevYaA.Sprint2.Task1.V30.Lib\Tyuiu.ZaicevYaA.Sprint2.Task1.V30.Lib.csproj", "{9E8FD4A2-7BBD-494A-91C9-795B5B51607D}"
EndProject
Project("{FAE04EC0-301F-11D3-BF4B-00C04F79EFBC}") = "Tyuiu.ZaicevYaA.Sprint2.Task1.V30.Test", "Tyuiu.ZaicevYaA.Sprint2.Task1.V30.Test\Tyuiu.ZaicevYaA.Sprint2.Task1.V30.Test.csproj", "{FF3313E6-3166-4B50-97E7-0CD91609821E}"
EndProject
Project("{FAE04EC0-301F-11D3-BF4B-00C04F79EFBC}") = "Tyuiu.ZaicevYaA.Sprint2.Task2.V8", "Tyuiu.ZaicevYaA.Sprint2.Task2.V8\Tyuiu.ZaicevYaA.Sprint2.Task2.V8.csproj", "{E28A86BE-9F3F-4A18-93C2-2DCC7A064E9D}"
EndProject
Project("{FAE04EC0-301F-11D3-BF4B-00C04F79EFBC}") = "Tyuiu.ZaicevYaA.Sprint2.Task2.V8.Lib", "Tyuiu.ZaicevYaA.Sprint2.Task2.V8.Lib\Tyuiu.ZaicevYaA.Sprint2.Task2.V8.Lib.csproj", "{9C0DB25C-BD2D-48A1-955D-DFC1189CF287}"
EndProject
Project("{FAE04EC0-301F-11D3-BF4B-00C04F79EFBC}") = "Tyuiu.ZaicevYaA.Sprint2.Task2.V8.Test", "Tyuiu.ZaicevYaA.Sprint2.Task2.V8.Test\Tyuiu.ZaicevYaA.Sprint2.Task2.V8.Test.csproj", "{AF2BE45E-B559-46E3-9645-B19E7863CEDE}"
EndProject
Project("{FAE04EC0-301F-11D3-BF4B-00C04F79EFBC}") = "Tyuiu.ZaicevYaA.Sprint2.Task3.V3", "Tyuiu.ZaicevYaA.Sprint2.Task3.V3\Tyuiu.ZaicevYaA.Sprint2.Task3.V3.csproj", "{0C4C3D5E-E37D-4821-8B38-6DB4757B63A0}"
EndProject
Project("{FAE04EC0-301F-11D3-BF4B-00C04F79EFBC}") = "Tyuiu.ZaicevYaA.Sprint2.Task3.V3.Lib", "Tyuiu.ZaicevYaA.Sprint2.Task3.V3.Lib\Tyuiu.ZaicevYaA.Sprint2.Task3.V3.Lib.csproj", "{B1D2F9AB-131D-4994-A6A8-26EA49A24A38}"
EndProject
Project("{FAE04EC0-301F-11D3-BF4B-00C04F79EFBC}") = "Tyuiu.ZaicevYaA.Sprint2.Task3.V3.Test", "Tyuiu.ZaicevYaA.Sprint2.Task3.V3.Test\Tyuiu.ZaicevYaA.Sprint2.Task3.V3.Test.csproj", "{A6286499-2596-4E4C-9488-C438FA640534}"
EndProject
Project("{FAE04EC0-301F-11D3-BF4B-00C04F79EFBC}") = "Tyuiu.ZaicevYaA.Sprint2.Task4.V6", "Tyuiu.ZaicevYaA.Sprint2.Task4.V6\Tyuiu.ZaicevYaA.Sprint2.Task4.V6.csproj", "{96060914-51C3-4888-93C8-F3889F625C4F}"
EndProject
Project("{FAE04EC0-301F-11D3-BF4B-00C04F79EFBC}") = "Tyuiu.ZaicevYaA.Sprint2.Task4.V6.Lib", "Tyuiu.ZaicevYaA.Sprint2.Task4.V6.Lib\Tyuiu.ZaicevYaA.Sprint2.Task4.V6.Lib.csproj", "{0C112C11-0CB7-4C0A-BB1D-B787F85904C4}"
EndProject
Project("{FAE04EC0-301F-11D3-BF4B-00C04F79EFBC}") = "Tyuiu.ZaicevYaA.Sprint2.Task4.V6.Test", "Tyuiu.ZaicevYaA.Sprint2.Task4.V6.Test\Tyuiu.ZaicevYaA.Sprint2.Task4.V6.Test.csproj", "{312F9996-9312-4538-9EBD-0F73F9EAD6E3}"
EndProject
Project("{FAE04EC0-301F-11D3-BF4B-00C04F79EFBC}") = "Tyuiu.ZaicevYaA.Sprint2.Task5.V15", "Tyuiu.ZaicevYaA.Sprint2.Task5.V15\Tyuiu.ZaicevYaA.Sprint2.Task5.V15.csproj", "{A03B2A15-7CCD-4376-808D-1D21C1D76D4B}"
EndProject
Project("{FAE04EC0-301F-11D3-BF4B-00C04F79EFBC}") = "Tyuiu.ZaicevYaA.Sprint2.Task5.V15.Lib", "Tyuiu.ZaicevYaA.Sprint2.Task5.V15.Lib\Tyuiu.ZaicevYaA.Sprint2.Task5.V15.Lib.csproj", "{E0AF7B77-39DB-4003-86D1-FE03D15CC3A2}"
EndProject
Project("{FAE04EC0-301F-11D3-BF4B-00C04F79EFBC}") = "Tyuiu.ZaicevYaA.Sprint2.Task5.V15.Test", "Tyuiu.ZaicevYaA.Sprint2.Task5.V15.Test\Tyuiu.ZaicevYaA.Sprint2.Task5.V15.Test.csproj", "{657A145C-0D8D-4DA3-9291-CD2736F616C3}"
EndProject
Project("{FAE04EC0-301F-11D3-BF4B-00C04F79EFBC}") = "Tyuiu.ZaicevYaA.Sprint2.Task6.V7", "Tyuiu.ZaicevYaA.Sprint2.Task6.V7\Tyuiu.ZaicevYaA.Sprint2.Task6.V7.csproj", "{2DB5B045-B768-4769-A891-E36E97C50F6B}"
EndProject
Project("{FAE04EC0-301F-11D3-BF4B-00C04F79EFBC}") = "Tyuiu.ZaicevYaA.Sprint2.Task6.V7.Lib", "Tyuiu.ZaicevYaA.Sprint2.Task6.V7.Lib\Tyuiu.ZaicevYaA.Sprint2.Task6.V7.Lib.csproj", "{1D5499BD-81A1-4D64-B7FE-C45BD5CD888F}"
EndProject
Project("{FAE04EC0-301F-11D3-BF4B-00C04F79EFBC}") = "Tyuiu.ZaicevYaA.Sprint2.Task6.V7.Test", "Tyuiu.ZaicevYaA.Sprint2.Task6.V7.Test\Tyuiu.ZaicevYaA.Sprint2.Task6.V7.Test.csproj", "{3879D02F-3BF1-4239-83AF-66C116E7FC87}"
EndProject
Project("{FAE04EC0-301F-11D3-BF4B-00C04F79EFBC}") = "Tyuiu.ZaicevYaA.Sprint2.Task7.V3", "Tyuiu.ZaicevYaA.Sprint2.Task7.V3\Tyuiu.ZaicevYaA.Sprint2.Task7.V3.csproj", "{DE030A81-CD60-4ED2-BB4D-64905C165666}"
EndProject
Project("{FAE04EC0-301F-11D3-BF4B-00C04F79EFBC}") = "Tyuiu.ZaicevYaA.Sprint2.Task7.V3.Lib", "Tyuiu.ZaicevYaA.Sprint2.Task7.V3.Lib\Tyuiu.ZaicevYaA.Sprint2.Task7.V3.Lib.csproj", "{E8607A8A-4ED1-40B1-A4E4-B9694D214140}"
EndProject
Project("{FAE04EC0-301F-11D3-BF4B-00C04F79EFBC}") = "Tyuiu.ZaicevYaA.Sprint2.Task7.V3.Test", "Tyuiu.ZaicevYaA.Sprint2.Task7.V3.Test\Tyuiu.ZaicevYaA.Sprint2.Task7.V3.Test.csproj", "{B5407DEC-E175-4081-8D30-DB4433CA09BB}"
EndProject
Global
	GlobalSection(SolutionConfigurationPlatforms) = preSolution
		Debug|Any CPU = Debug|Any CPU
		Release|Any CPU = Release|Any CPU
	EndGlobalSection
	GlobalSection(ProjectConfigurationPlatforms) = postSolution
		{6F15156B-8550-4441-B008-B508801633B3}.Debug|Any CPU.ActiveCfg = Debug|Any CPU
		{6F15156B-8550-4441-B008-B508801633B3}.Debug|Any CPU.Build.0 = Debug|Any CPU
		{6F15156B-8550-4441-B008-B508801633B3}.Release|Any CPU.ActiveCfg = Release|Any CPU
		{6F15156B-8550-4441-B008-B508801633B3}.Release|Any CPU.Build.0 = Release|Any CPU
		{39682D63-BF95-4D6B-BD28-4EC4C332819A}.Debug|Any CPU.ActiveCfg = Debug|Any CPU
		{39682D63-BF95-4D6B-BD28-4EC4C332819A}.Debug|Any CPU.Build.0 = Debug|Any CPU
		{39682D63-BF95-4D6B-BD28-4EC4C332819A}.Release|Any CPU.ActiveCfg = Release|Any CPU
		{39682D63-BF95-4D6B-BD28-4EC4C332819A}.Release|Any CPU.Build.0 = Release|Any CPU
		{BC501BAE-181D-4873-84C4-2F030F2A8CAD}.Debug|Any CPU.ActiveCfg = Debug|Any CPU
		{BC501BAE-181D-4873-84C4-2F030F2A8CAD}.Debug|Any CPU.Build.0 = Debug|Any CPU
		{BC501BAE-181D-4873-84C4-2F030F2A8CAD}.Release|Any CPU.ActiveCfg = Release|Any CPU
		{BC501BAE-181D-4873-84C4-2F030F2A8CAD}.Release|Any CPU.Build.0 = Release|Any CPU
		{9D5DEA1C-3611-4A3B-B732-2C1A381EEDB4}.Debug|Any CPU.ActiveCfg = Debug|Any CPU
		{9D5DEA1C-3611-4A3B-B732-2C1A381EEDB4}.Debug|Any CPU.Build.0 = Debug|Any CPU
		{9D5DEA1C-3611-4A3B-B732-2C1A381EEDB4}.Release|Any CPU.ActiveCfg = Release|Any CPU
		{9D5DEA1C-3611-4A3B-B732-2C1A381EEDB4}.Release|Any CPU.Build.0 = Release|Any CPU
		{9E8FD4A2-7BBD-494A-91C9-795B5B51607D}.Debug|Any CPU.ActiveCfg = Debug|Any CPU
		{9E8FD4A2-7BBD-494A-91C9-795B5B51607D}.Debug|Any CPU.Build.0 = Debug|Any CPU
		{9E8FD4A2-7BBD-494A-91C9-795B5B51607D}.Release|Any CPU.ActiveCfg = Release|Any CPU
		{9E8FD4A2-7BBD-494A-91C9-795B5B51607D}.Release|Any CPU.Build.0 = Release|Any CPU
		{FF3313E6-3166-4B50-97E7-0CD91609821E}.Debug|Any CPU.ActiveCfg = Debug|Any CPU
		{FF3313E6-3166-4B50-97E7-0CD91609821E}.Debug|Any CPU.Build.0 = Debug|Any CPU
		{FF3313E6-3166-4B50-97E7-0CD91609821E}.Release|Any CPU.ActiveCfg = Release|Any CPU
		{FF3313E6-3166-4B50-97E7-0CD91609821E}.Release|Any CPU.Build.0 = Release|Any CPU
		{E28A86BE-9F3F-4A18-93C2-2DCC7A064E9D}.Debug|Any CPU.ActiveCfg = Debug|Any CPU
		{E28A86BE-9F3F-4A18-93C2-2DCC7A064E9D}.Debug|Any CPU.Build.0 = Debug|Any CPU
		{E28A86BE-9F3F-4A18-93C2-2DCC7A064E9D}.Release|Any CPU.ActiveCfg = Release|Any CPU
		{E28A86BE-9F3F-4A18-93C2-2DCC7A064E9D}.Release|Any CPU.Build.0 = Release|Any CPU
		{9C0DB25C-BD2D-48A1-955D-DFC1189CF287}.Debug|Any CPU.ActiveCfg = Debug|Any CPU
		{9C0DB25C-BD2D-48A1-955D-DFC1189CF287}.Debug|Any CPU.Build.0 = Debug|Any CPU
		{9C0DB25C-BD2D-48A1-955D-DFC1189CF287}.Release|Any CPU.ActiveCfg = Release|Any CPU
		{9C0DB25C-BD2D-48A1-955D-DFC1189CF287}.Release|Any CPU.Build.0 = Release|Any CPU
		{AF2BE45E-B559-46E3-9645-B19E7863CEDE}.Debug|Any CPU.ActiveCfg = Debug|Any CPU
		{AF2BE45E-B559-46E3-9645-B19E7863CEDE}.Debug|Any CPU.Build.0 = Debug|Any CPU
		{AF2BE45E-B559-46E3-9645-B19E7863CEDE}.Release|Any CPU.ActiveCfg = Release|Any CPU
		{AF2BE45E-B559-46E3-9645-B19E7863CEDE}.Release|Any CPU.Build.0 = Release|Any CPU
		{0C4C3D5E-E37D-4821-8B38-6DB4757B63A0}.Debug|Any CPU.ActiveCfg = Debug|Any CPU
		{0C4C3D5E-E37D-4821-8B38-6DB4757B63A0}.Debug|Any CPU.Build.0 = Debug|Any CPU
		{0C4C3D5E-E37D-4821-8B38-6DB4757B63A0}.Release|Any CPU.ActiveCfg = Release|Any CPU
		{0C4C3D5E-E37D-4821-8B38-6DB4757B63A0}.Release|Any CPU.Build.0 = Release|Any CPU
		{B1D2F9AB-131D-4994-A6A8-26EA49A24A38}.Debug|Any CPU.ActiveCfg = Debug|Any CPU
		{B1D2F9AB-131D-4994-A6A8-26EA49A24A38}.Debug|Any CPU.Build.0 = Debug|Any CPU
		{B1D2F9AB-131D-4994-A6A8-26EA49A24A38}.Release|Any CPU.ActiveCfg = Release|Any CPU
		{B1D2F9AB-131D-4994-A6A8-26EA49A24A38}.Release|Any CPU.Build.0 = Release|Any CPU
		{A6286499-2596-4E4C-9488-C438FA640534}.Debug|Any CPU.ActiveCfg = Debug|Any CPU
		{A6286499-2596-4E4C-9488-C438FA640534}.Debug|Any CPU.Build.0 = Debug|Any CPU
		{A6286499-2596-4E4C-9488-C438FA640534}.Release|Any CPU.ActiveCfg = Release|Any CPU
		{A6286499-2596-4E4C-9488-C438FA640534}.Release|Any CPU.Build.0 = Release|Any CPU
		{96060914-51C3-4888-93C8-F3889F625C4F}.Debug|Any CPU.ActiveCfg = Debug|Any CPU
		{96060914-51C3-4888-93C8-F3889F625C4F}.Debug|Any CPU.Build.0 = Debug|Any CPU
		{96060914-51C3-4888-93C8-F3889F625C4F}.Release|Any CPU.ActiveCfg = Release|Any CPU
		{96060914-51C3-4888-93C8-F3889F625C4F}.Release|Any CPU.Build.0 = Release|Any CPU
		{0C112C11-0CB7-4C0A-BB1D-B787F85904C4}.Debug|Any CPU.ActiveCfg = Debug|Any CPU
		{0C112C11-0CB7-4C0A-BB1D-B787F85904C4}.Debug|Any CPU.Build.0 = Debug|Any CPU
		{0C112C11-0CB7-4C0A-BB1D-B787F85904C4}.Release|Any CPU.ActiveCfg = Release|Any CPU
		{0C112C11-0CB7-4C0A-BB1D-B787F85904C4}.Release|Any CPU.Build.0 = Release|Any CPU
		{312F9996-9312-4538-9EBD-0F73F9EAD6E3}.Debug|Any CPU.ActiveCfg = Debug|Any CPU
		{312F9996-9312-4538-9EBD-0F73F9EAD6E3}.Debug|Any CPU.Build.0 = Debug|Any CPU
		{312F9996-9312-4538-9EBD-0F73F9EAD6E3}.Release|Any CPU.ActiveCfg = Release|Any CPU
		{312F9996-9312-4538-9EBD-0F73F9EAD6E3}.Release|Any CPU.Build.0 = Release|Any CPU
		{A03B2A15-7CCD-4376-808D-1D21C1D76D4B}.Debug|Any CPU.ActiveCfg = Debug|Any CPU
		{A03B2A15-7CCD-4376-808D-1D21C1D76D4B}.Debug|Any CPU.Build.0 = Debug|Any CPU
		{A03B2A15-7CCD-4376-808D-1D21C1D76D4B}.Release|Any CPU.ActiveCfg = Release|Any CPU
		{A03B2A15-7CCD-4376-808D-1D21C1D76D4B}.Release|Any CPU.Build.0 = Release|Any CPU
		{E0AF7B77-39DB-4003-86D1-FE03D15CC3A2}.Debug|Any CPU.ActiveCfg = Debug|Any CPU
		{E0AF7B77-39DB-4003-86D1-FE03D15CC3A2}.Debug|Any CPU.Build.0 = Debug|Any CPU
		{E0AF7B77-39DB-4003-86D1-FE03D15CC3A2}.Release|Any CPU.ActiveCfg = Release|Any CPU
		{E0AF7B77-39DB-4003-86D1-FE03D15CC3A2}.Release|Any CPU.Build.0 = Release|Any CPU
		{657A145C-0D8D-4DA3-9291-CD2736F616C3}.Debug|Any CPU.ActiveCfg = Debug|Any CPU
		{657A145C-0D8D-4DA3-9291-CD2736F616C3}.Debug|Any CPU.Build.0 = Debug|Any CPU
		{657A145C-0D8D-4DA3-9291-CD2736F616C3}.Release|Any CPU.ActiveCfg = Release|Any CPU
		{657A145C-0D8D-4DA3-9291-CD2736F616C3}.Release|Any CPU.Build.0 = Release|Any CPU
		{2DB5B045-B768-4769-A891-E36E97C50F6B}.Debug|Any CPU.ActiveCfg = Debug|Any CPU
		{2DB5B045-B768-4769-A891-E36E97C50F6B}.Debug|Any CPU.Build.0 = Debug|Any CPU
		{2DB5B045-B768-4769-A891-E36E97C50F6B}.Release|Any CPU.ActiveCfg = Release|Any CPU
		{2DB5B045-B768-4769-A891-E36E97C50F6B}.Release|Any CPU.Build.0 = Release|Any CPU
		{1D5499BD-81A1-4D64-B7FE-C45BD5CD888F}.Debug|Any CPU.ActiveCfg = Debug|Any CPU
		{1D5499BD-81A1-4D64-B7FE-C45BD5CD888F}.Debug|Any CPU.Build.0 = Debug|Any CPU
		{1D5499BD-81A1-4D64-B7FE-C45BD5CD888F}.Release|Any CPU.ActiveCfg = Release|Any CPU
		{1D5499BD-81A1-4D64-B7FE-C45BD5CD888F}.Release|Any CPU.Build.0 = Release|Any CPU
		{3879D02F-3BF1-4239-83AF-66C116E7FC87}.Debug|Any CPU.ActiveCfg = Debug|Any CPU
		{3879D02F-3BF1-4239-83AF-66C116E7FC87}.Debug|Any CPU.Build.0 = Debug|Any CPU
		{3879D02F-3BF1-4239-83AF-66C116E7FC87}.Release|Any CPU.ActiveCfg = Release|Any CPU
		{3879D02F-3BF1-4239-83AF-66C116E7FC87}.Release|Any CPU.Build.0 = Release|Any CPU
		{DE030A81-CD60-4ED2-BB4D-64905C165666}.Debug|Any CPU.ActiveCfg = Debug|Any CPU
		{DE030A81-CD60-4ED2-BB4D-64905C165666}.Debug|Any CPU.Build.0 = Debug|Any CPU
		{DE030A81-CD60-4ED2-BB4D-64905C165666}.Release|Any CPU.ActiveCfg = Release|Any CPU
		{DE030A81-CD60-4ED2-BB4D-64905C165666}.Release|Any CPU.Build.0 = Release|Any CPU
		{E8607A8A-4ED1-40B1-A4E4-B9694D214140}.Debug|Any CPU.ActiveCfg = Debug|Any CPU
		{E8607A8A-4ED1-40B1-A4E4-B9694D214140}.Debug|Any CPU.Build.0 = Debug|Any CPU
		{E8607A8A-4ED1-40B1-A4E4-B9694D214140}.Release|Any CPU.ActiveCfg = Release|Any CPU
		{E8607A8A-4ED1-40B1-A4E4-B9694D214140}.Release|Any CPU.Build.0 = Release|Any CPU
		{B5407DEC-E175-4081-8D30-DB4433CA09BB}.Debug|Any CPU.ActiveCfg = Debug|Any CPU
		{B5407DEC-E175-4081-8D30-DB4433CA09BB}.Debug|Any CPU.Build.0 = Debug|Any CPU
		{B5407DEC-E175-4081-8D30-DB4433CA09BB}.Release|Any CPU.ActiveCfg = Release|Any CPU
		{B5407DEC-E175-4081-8D30-DB4433CA09BB}.Release|Any CPU.Build.0 = Release|Any CPU
	EndGlobalSection
	GlobalSection(SolutionProperties) = preSolution
		HideSolutionNode = FALSE
	EndGlobalSection
	GlobalSection(NestedProjects) = preSolution
		{6F15156B-8550-4441-B008-B508801633B3} = {5797803A-D1DE-4E54-80D7-D659B7F3FD93}
		{39682D63-BF95-4D6B-BD28-4EC4C332819A} = {5797803A-D1DE-4E54-80D7-D659B7F3FD93}
		{BC501BAE-181D-4873-84C4-2F030F2A8CAD} = {5797803A-D1DE-4E54-80D7-D659B7F3FD93}
		{9D5DEA1C-3611-4A3B-B732-2C1A381EEDB4} = {32964A5F-386A-42C1-BB2A-D6B3AE711C26}
		{9E8FD4A2-7BBD-494A-91C9-795B5B51607D} = {32964A5F-386A-42C1-BB2A-D6B3AE711C26}
		{FF3313E6-3166-4B50-97E7-0CD91609821E} = {32964A5F-386A-42C1-BB2A-D6B3AE711C26}
		{E28A86BE-9F3F-4A18-93C2-2DCC7A064E9D} = {B4145C00-50FE-4EB8-B4BC-43C05B3D1239}
		{9C0DB25C-BD2D-48A1-955D-DFC1189CF287} = {B4145C00-50FE-4EB8-B4BC-43C05B3D1239}
		{AF2BE45E-B559-46E3-9645-B19E7863CEDE} = {B4145C00-50FE-4EB8-B4BC-43C05B3D1239}
		{0C4C3D5E-E37D-4821-8B38-6DB4757B63A0} = {69B95EB0-4DD9-45EC-BFC5-C49CBAE1A4A9}
		{B1D2F9AB-131D-4994-A6A8-26EA49A24A38} = {69B95EB0-4DD9-45EC-BFC5-C49CBAE1A4A9}
		{A6286499-2596-4E4C-9488-C438FA640534} = {69B95EB0-4DD9-45EC-BFC5-C49CBAE1A4A9}
		{96060914-51C3-4888-93C8-F3889F625C4F} = {B455C5B6-FAC4-454B-9DD2-567FC9C43355}
		{0C112C11-0CB7-4C0A-BB1D-B787F85904C4} = {B455C5B6-FAC4-454B-9DD2-567FC9C43355}
		{312F9996-9312-4538-9EBD-0F73F9EAD6E3} = {B455C5B6-FAC4-454B-9DD2-567FC9C43355}
		{A03B2A15-7CCD-4376-808D-1D21C1D76D4B} = {03DC5FC8-9E6D-4EFA-A529-CDCA4895E7F5}
		{E0AF7B77-39DB-4003-86D1-FE03D15CC3A2} = {03DC5FC8-9E6D-4EFA-A529-CDCA4895E7F5}
		{657A145C-0D8D-4DA3-9291-CD2736F616C3} = {03DC5FC8-9E6D-4EFA-A529-CDCA4895E7F5}
		{2DB5B045-B768-4769-A891-E36E97C50F6B} = {0AB9936E-612D-4ED1-9A46-9DF546F75623}
		{1D5499BD-81A1-4D64-B7FE-C45BD5CD888F} = {0AB9936E-612D-4ED1-9A46-9DF546F75623}
		{3879D02F-3BF1-4239-83AF-66C116E7FC87} = {0AB9936E-612D-4ED1-9A46-9DF546F75623}
		{DE030A81-CD60-4ED2-BB4D-64905C165666} = {772D4D58-7BC6-40C9-8D13-8A07FAEB69BC}
		{E8607A8A-4ED1-40B1-A4E4-B9694D214140} = {772D4D58-7BC6-40C9-8D13-8A07FAEB69BC}
		{B5407DEC-E175-4081-8D30-DB4433CA09BB} = {772D4D58-7BC6-40C9-8D13-8A07FAEB69BC}
	EndGlobalSection
	GlobalSection(ExtensibilityGlobals) = postSolution
		SolutionGuid = {6C26F818-66DB-4643-89F8-DB22E7F79B24}
	EndGlobalSection
EndGlobal
